// !$*UTF8*$!
{
	archiveVersion = 1;
	classes = {
	};
	objectVersion = 50;
	objects = {

/* Begin PBXBuildFile section */
		8869DCA92225D75800AC91A9 /* AppDelegate.swift in Sources */ = {isa = PBXBuildFile; fileRef = 8869DCA82225D75800AC91A9 /* AppDelegate.swift */; };
		8869DCAB2225D75800AC91A9 /* ViewController.swift in Sources */ = {isa = PBXBuildFile; fileRef = 8869DCAA2225D75800AC91A9 /* ViewController.swift */; };
		8869DCAE2225D75800AC91A9 /* Main.storyboard in Resources */ = {isa = PBXBuildFile; fileRef = 8869DCAC2225D75800AC91A9 /* Main.storyboard */; };
		8869DCB02225D75A00AC91A9 /* Assets.xcassets in Resources */ = {isa = PBXBuildFile; fileRef = 8869DCAF2225D75A00AC91A9 /* Assets.xcassets */; };
		8869DCB32225D75A00AC91A9 /* LaunchScreen.storyboard in Resources */ = {isa = PBXBuildFile; fileRef = 8869DCB12225D75A00AC91A9 /* LaunchScreen.storyboard */; };
		8869DCBE2225D75A00AC91A9 /* HW1Tests.swift in Sources */ = {isa = PBXBuildFile; fileRef = 8869DCBD2225D75A00AC91A9 /* HW1Tests.swift */; };
		8869DCC92225D75A00AC91A9 /* HW1UITests.swift in Sources */ = {isa = PBXBuildFile; fileRef = 8869DCC82225D75A00AC91A9 /* HW1UITests.swift */; };
/* End PBXBuildFile section */

/* Begin PBXContainerItemProxy section */
		8869DCBA2225D75A00AC91A9 /* PBXContainerItemProxy */ = {
			isa = PBXContainerItemProxy;
			containerPortal = 8869DC9D2225D75800AC91A9 /* Project object */;
			proxyType = 1;
			remoteGlobalIDString = 8869DCA42225D75800AC91A9;
			remoteInfo = HW1;
		};
		8869DCC52225D75A00AC91A9 /* PBXContainerItemProxy */ = {
			isa = PBXContainerItemProxy;
			containerPortal = 8869DC9D2225D75800AC91A9 /* Project object */;
			proxyType = 1;
			remoteGlobalIDString = 8869DCA42225D75800AC91A9;
			remoteInfo = HW1;
		};
/* End PBXContainerItemProxy section */

/* Begin PBXFileReference section */
		8869DCA52225D75800AC91A9 /* HW1.app */ = {isa = PBXFileReference; explicitFileType = wrapper.application; includeInIndex = 0; path = HW1.app; sourceTree = BUILT_PRODUCTS_DIR; };
		8869DCA82225D75800AC91A9 /* AppDelegate.swift */ = {isa = PBXFileReference; lastKnownFileType = sourcecode.swift; path = AppDelegate.swift; sourceTree = "<group>"; };
		8869DCAA2225D75800AC91A9 /* ViewController.swift */ = {isa = PBXFileReference; lastKnownFileType = sourcecode.swift; path = ViewController.swift; sourceTree = "<group>"; };
		8869DCAD2225D75800AC91A9 /* Base */ = {isa = PBXFileReference; lastKnownFileType = file.storyboard; name = Base; path = Base.lproj/Main.storyboard; sourceTree = "<group>"; };
		8869DCAF2225D75A00AC91A9 /* Assets.xcassets */ = {isa = PBXFileReference; lastKnownFileType = folder.assetcatalog; path = Assets.xcassets; sourceTree = "<group>"; };
		8869DCB22225D75A00AC91A9 /* Base */ = {isa = PBXFileReference; lastKnownFileType = file.storyboard; name = Base; path = Base.lproj/LaunchScreen.storyboard; sourceTree = "<group>"; };
		8869DCB42225D75A00AC91A9 /* Info.plist */ = {isa = PBXFileReference; lastKnownFileType = text.plist.xml; path = Info.plist; sourceTree = "<group>"; };
		8869DCB92225D75A00AC91A9 /* HW1Tests.xctest */ = {isa = PBXFileReference; explicitFileType = wrapper.cfbundle; includeInIndex = 0; path = HW1Tests.xctest; sourceTree = BUILT_PRODUCTS_DIR; };
		8869DCBD2225D75A00AC91A9 /* HW1Tests.swift */ = {isa = PBXFileReference; lastKnownFileType = sourcecode.swift; path = HW1Tests.swift; sourceTree = "<group>"; };
		8869DCBF2225D75A00AC91A9 /* Info.plist */ = {isa = PBXFileReference; lastKnownFileType = text.plist.xml; path = Info.plist; sourceTree = "<group>"; };
		8869DCC42225D75A00AC91A9 /* HW1UITests.xctest */ = {isa = PBXFileReference; explicitFileType = wrapper.cfbundle; includeInIndex = 0; path = HW1UITests.xctest; sourceTree = BUILT_PRODUCTS_DIR; };
		8869DCC82225D75A00AC91A9 /* HW1UITests.swift */ = {isa = PBXFileReference; lastKnownFileType = sourcecode.swift; path = HW1UITests.swift; sourceTree = "<group>"; };
		8869DCCA2225D75A00AC91A9 /* Info.plist */ = {isa = PBXFileReference; lastKnownFileType = text.plist.xml; path = Info.plist; sourceTree = "<group>"; };
/* End PBXFileReference section */

/* Begin PBXFrameworksBuildPhase section */
		8869DCA22225D75800AC91A9 /* Frameworks */ = {
			isa = PBXFrameworksBuildPhase;
			buildActionMask = 2147483647;
			files = (
			);
			runOnlyForDeploymentPostprocessing = 0;
		};
		8869DCB62225D75A00AC91A9 /* Frameworks */ = {
			isa = PBXFrameworksBuildPhase;
			buildActionMask = 2147483647;
			files = (
			);
			runOnlyForDeploymentPostprocessing = 0;
		};
		8869DCC12225D75A00AC91A9 /* Frameworks */ = {
			isa = PBXFrameworksBuildPhase;
			buildActionMask = 2147483647;
			files = (
			);
			runOnlyForDeploymentPostprocessing = 0;
		};
/* End PBXFrameworksBuildPhase section */

/* Begin PBXGroup section */
		8869DC9C2225D75800AC91A9 = {
			isa = PBXGroup;
			children = (
				8869DCA72225D75800AC91A9 /* HW1 */,
				8869DCBC2225D75A00AC91A9 /* HW1Tests */,
				8869DCC72225D75A00AC91A9 /* HW1UITests */,
				8869DCA62225D75800AC91A9 /* Products */,
			);
			sourceTree = "<group>";
		};
		8869DCA62225D75800AC91A9 /* Products */ = {
			isa = PBXGroup;
			children = (
				8869DCA52225D75800AC91A9 /* HW1.app */,
				8869DCB92225D75A00AC91A9 /* HW1Tests.xctest */,
				8869DCC42225D75A00AC91A9 /* HW1UITests.xctest */,
			);
			name = Products;
			sourceTree = "<group>";
		};
		8869DCA72225D75800AC91A9 /* HW1 */ = {
			isa = PBXGroup;
			children = (
				8869DCA82225D75800AC91A9 /* AppDelegate.swift */,
				8869DCAA2225D75800AC91A9 /* ViewController.swift */,
				8869DCAC2225D75800AC91A9 /* Main.storyboard */,
				8869DCAF2225D75A00AC91A9 /* Assets.xcassets */,
				8869DCB12225D75A00AC91A9 /* LaunchScreen.storyboard */,
				8869DCB42225D75A00AC91A9 /* Info.plist */,
			);
			path = HW1;
			sourceTree = "<group>";
		};
		8869DCBC2225D75A00AC91A9 /* HW1Tests */ = {
			isa = PBXGroup;
			children = (
				8869DCBD2225D75A00AC91A9 /* HW1Tests.swift */,
				8869DCBF2225D75A00AC91A9 /* Info.plist */,
			);
			path = HW1Tests;
			sourceTree = "<group>";
		};
		8869DCC72225D75A00AC91A9 /* HW1UITests */ = {
			isa = PBXGroup;
			children = (
				8869DCC82225D75A00AC91A9 /* HW1UITests.swift */,
				8869DCCA2225D75A00AC91A9 /* Info.plist */,
			);
			path = HW1UITests;
			sourceTree = "<group>";
		};
/* End PBXGroup section */

/* Begin PBXNativeTarget section */
		8869DCA42225D75800AC91A9 /* HW1 */ = {
			isa = PBXNativeTarget;
			buildConfigurationList = 8869DCCD2225D75A00AC91A9 /* Build configuration list for PBXNativeTarget "HW1" */;
			buildPhases = (
				8869DCA12225D75800AC91A9 /* Sources */,
				8869DCA22225D75800AC91A9 /* Frameworks */,
				8869DCA32225D75800AC91A9 /* Resources */,
			);
			buildRules = (
			);
			dependencies = (
			);
			name = HW1;
			productName = HW1;
			productReference = 8869DCA52225D75800AC91A9 /* HW1.app */;
			productType = "com.apple.product-type.application";
		};
		8869DCB82225D75A00AC91A9 /* HW1Tests */ = {
			isa = PBXNativeTarget;
			buildConfigurationList = 8869DCD02225D75A00AC91A9 /* Build configuration list for PBXNativeTarget "HW1Tests" */;
			buildPhases = (
				8869DCB52225D75A00AC91A9 /* Sources */,
				8869DCB62225D75A00AC91A9 /* Frameworks */,
				8869DCB72225D75A00AC91A9 /* Resources */,
			);
			buildRules = (
			);
			dependencies = (
				8869DCBB2225D75A00AC91A9 /* PBXTargetDependency */,
			);
			name = HW1Tests;
			productName = HW1Tests;
			productReference = 8869DCB92225D75A00AC91A9 /* HW1Tests.xctest */;
			productType = "com.apple.product-type.bundle.unit-test";
		};
		8869DCC32225D75A00AC91A9 /* HW1UITests */ = {
			isa = PBXNativeTarget;
			buildConfigurationList = 8869DCD32225D75A00AC91A9 /* Build configuration list for PBXNativeTarget "HW1UITests" */;
			buildPhases = (
				8869DCC02225D75A00AC91A9 /* Sources */,
				8869DCC12225D75A00AC91A9 /* Frameworks */,
				8869DCC22225D75A00AC91A9 /* Resources */,
			);
			buildRules = (
			);
			dependencies = (
				8869DCC62225D75A00AC91A9 /* PBXTargetDependency */,
			);
			name = HW1UITests;
			productName = HW1UITests;
			productReference = 8869DCC42225D75A00AC91A9 /* HW1UITests.xctest */;
			productType = "com.apple.product-type.bundle.ui-testing";
		};
/* End PBXNativeTarget section */

/* Begin PBXProject section */
		8869DC9D2225D75800AC91A9 /* Project object */ = {
			isa = PBXProject;
			attributes = {
				LastSwiftUpdateCheck = 1010;
				LastUpgradeCheck = 1010;
				ORGANIZATIONNAME = "Cristian Holmes";
				TargetAttributes = {
					8869DCA42225D75800AC91A9 = {
						CreatedOnToolsVersion = 10.1;
					};
					8869DCB82225D75A00AC91A9 = {
						CreatedOnToolsVersion = 10.1;
						TestTargetID = 8869DCA42225D75800AC91A9;
					};
					8869DCC32225D75A00AC91A9 = {
						CreatedOnToolsVersion = 10.1;
						TestTargetID = 8869DCA42225D75800AC91A9;
					};
				};
			};
			buildConfigurationList = 8869DCA02225D75800AC91A9 /* Build configuration list for PBXProject "HW1" */;
			compatibilityVersion = "Xcode 9.3";
			developmentRegion = en;
			hasScannedForEncodings = 0;
			knownRegions = (
				en,
				Base,
			);
			mainGroup = 8869DC9C2225D75800AC91A9;
			productRefGroup = 8869DCA62225D75800AC91A9 /* Products */;
			projectDirPath = "";
			projectRoot = "";
			targets = (
				8869DCA42225D75800AC91A9 /* HW1 */,
				8869DCB82225D75A00AC91A9 /* HW1Tests */,
				8869DCC32225D75A00AC91A9 /* HW1UITests */,
			);
		};
/* End PBXProject section */

/* Begin PBXResourcesBuildPhase section */
		8869DCA32225D75800AC91A9 /* Resources */ = {
			isa = PBXResourcesBuildPhase;
			buildActionMask = 2147483647;
			files = (
				8869DCB32225D75A00AC91A9 /* LaunchScreen.storyboard in Resources */,
				8869DCB02225D75A00AC91A9 /* Assets.xcassets in Resources */,
				8869DCAE2225D75800AC91A9 /* Main.storyboard in Resources */,
			);
			runOnlyForDeploymentPostprocessing = 0;
		};
		8869DCB72225D75A00AC91A9 /* Resources */ = {
			isa = PBXResourcesBuildPhase;
			buildActionMask = 2147483647;
			files = (
			);
			runOnlyForDeploymentPostprocessing = 0;
		};
		8869DCC22225D75A00AC91A9 /* Resources */ = {
			isa = PBXResourcesBuildPhase;
			buildActionMask = 2147483647;
			files = (
			);
			runOnlyForDeploymentPostprocessing = 0;
		};
/* End PBXResourcesBuildPhase section */

/* Begin PBXSourcesBuildPhase section */
		8869DCA12225D75800AC91A9 /* Sources */ = {
			isa = PBXSourcesBuildPhase;
			buildActionMask = 2147483647;
			files = (
				8869DCAB2225D75800AC91A9 /* ViewController.swift in Sources */,
				8869DCA92225D75800AC91A9 /* AppDelegate.swift in Sources */,
			);
			runOnlyForDeploymentPostprocessing = 0;
		};
		8869DCB52225D75A00AC91A9 /* Sources */ = {
			isa = PBXSourcesBuildPhase;
			buildActionMask = 2147483647;
			files = (
				8869DCBE2225D75A00AC91A9 /* HW1Tests.swift in Sources */,
			);
			runOnlyForDeploymentPostprocessing = 0;
		};
		8869DCC02225D75A00AC91A9 /* Sources */ = {
			isa = PBXSourcesBuildPhase;
			buildActionMask = 2147483647;
			files = (
				8869DCC92225D75A00AC91A9 /* HW1UITests.swift in Sources */,
			);
			runOnlyForDeploymentPostprocessing = 0;
		};
/* End PBXSourcesBuildPhase section */

/* Begin PBXTargetDependency section */
		8869DCBB2225D75A00AC91A9 /* PBXTargetDependency */ = {
			isa = PBXTargetDependency;
			target = 8869DCA42225D75800AC91A9 /* HW1 */;
			targetProxy = 8869DCBA2225D75A00AC91A9 /* PBXContainerItemProxy */;
		};
		8869DCC62225D75A00AC91A9 /* PBXTargetDependency */ = {
			isa = PBXTargetDependency;
			target = 8869DCA42225D75800AC91A9 /* HW1 */;
			targetProxy = 8869DCC52225D75A00AC91A9 /* PBXContainerItemProxy */;
		};
/* End PBXTargetDependency section */

/* Begin PBXVariantGroup section */
		8869DCAC2225D75800AC91A9 /* Main.storyboard */ = {
			isa = PBXVariantGroup;
			children = (
				8869DCAD2225D75800AC91A9 /* Base */,
			);
			name = Main.storyboard;
			sourceTree = "<group>";
		};
		8869DCB12225D75A00AC91A9 /* LaunchScreen.storyboard */ = {
			isa = PBXVariantGroup;
			children = (
				8869DCB22225D75A00AC91A9 /* Base */,
			);
			name = LaunchScreen.storyboard;
			sourceTree = "<group>";
		};
/* End PBXVariantGroup section */

/* Begin XCBuildConfiguration section */
		8869DCCB2225D75A00AC91A9 /* Debug */ = {
			isa = XCBuildConfiguration;
			buildSettings = {
				ALWAYS_SEARCH_USER_PATHS = NO;
				CLANG_ANALYZER_NONNULL = YES;
				CLANG_ANALYZER_NUMBER_OBJECT_CONVERSION = YES_AGGRESSIVE;
				CLANG_CXX_LANGUAGE_STANDARD = "gnu++14";
				CLANG_CXX_LIBRARY = "libc++";
				CLANG_ENABLE_MODULES = YES;
				CLANG_ENABLE_OBJC_ARC = YES;
				CLANG_ENABLE_OBJC_WEAK = YES;
				CLANG_WARN_BLOCK_CAPTURE_AUTORELEASING = YES;
				CLANG_WARN_BOOL_CONVERSION = YES;
				CLANG_WARN_COMMA = YES;
				CLANG_WARN_CONSTANT_CONVERSION = YES;
				CLANG_WARN_DEPRECATED_OBJC_IMPLEMENTATIONS = YES;
				CLANG_WARN_DIRECT_OBJC_ISA_USAGE = YES_ERROR;
				CLANG_WARN_DOCUMENTATION_COMMENTS = YES;
				CLANG_WARN_EMPTY_BODY = YES;
				CLANG_WARN_ENUM_CONVERSION = YES;
				CLANG_WARN_INFINITE_RECURSION = YES;
				CLANG_WARN_INT_CONVERSION = YES;
				CLANG_WARN_NON_LITERAL_NULL_CONVERSION = YES;
				CLANG_WARN_OBJC_IMPLICIT_RETAIN_SELF = YES;
				CLANG_WARN_OBJC_LITERAL_CONVERSION = YES;
				CLANG_WARN_OBJC_ROOT_CLASS = YES_ERROR;
				CLANG_WARN_RANGE_LOOP_ANALYSIS = YES;
				CLANG_WARN_STRICT_PROTOTYPES = YES;
				CLANG_WARN_SUSPICIOUS_MOVE = YES;
				CLANG_WARN_UNGUARDED_AVAILABILITY = YES_AGGRESSIVE;
				CLANG_WARN_UNREACHABLE_CODE = YES;
				CLANG_WARN__DUPLICATE_METHOD_MATCH = YES;
				CODE_SIGN_IDENTITY = "iPhone Developer";
				COPY_PHASE_STRIP = NO;
				DEBUG_INFORMATION_FORMAT = dwarf;
				ENABLE_STRICT_OBJC_MSGSEND = YES;
				ENABLE_TESTABILITY = YES;
				GCC_C_LANGUAGE_STANDARD = gnu11;
				GCC_DYNAMIC_NO_PIC = NO;
				GCC_NO_COMMON_BLOCKS = YES;
				GCC_OPTIMIZATION_LEVEL = 0;
				GCC_PREPROCESSOR_DEFINITIONS = (
					"DEBUG=1",
					"$(inherited)",
				);
				GCC_WARN_64_TO_32_BIT_CONVERSION = YES;
				GCC_WARN_ABOUT_RETURN_TYPE = YES_ERROR;
				GCC_WARN_UNDECLARED_SELECTOR = YES;
				GCC_WARN_UNINITIALIZED_AUTOS = YES_AGGRESSIVE;
				GCC_WARN_UNUSED_FUNCTION = YES;
				GCC_WARN_UNUSED_VARIABLE = YES;
				IPHONEOS_DEPLOYMENT_TARGET = 12.1;
				MTL_ENABLE_DEBUG_INFO = INCLUDE_SOURCE;
				MTL_FAST_MATH = YES;
				ONLY_ACTIVE_ARCH = YES;
				SDKROOT = iphoneos;
				SWIFT_ACTIVE_COMPILATION_CONDITIONS = DEBUG;
				SWIFT_OPTIMIZATION_LEVEL = "-Onone";
			};
			name = Debug;
		};
		8869DCCC2225D75A00AC91A9 /* Release */ = {
			isa = XCBuildConfiguration;
			buildSettings = {
				ALWAYS_SEARCH_USER_PATHS = NO;
				CLANG_ANALYZER_NONNULL = YES;
				CLANG_ANALYZER_NUMBER_OBJECT_CONVERSION = YES_AGGRESSIVE;
				CLANG_CXX_LANGUAGE_STANDARD = "gnu++14";
				CLANG_CXX_LIBRARY = "libc++";
				CLANG_ENABLE_MODULES = YES;
				CLANG_ENABLE_OBJC_ARC = YES;
				CLANG_ENABLE_OBJC_WEAK = YES;
				CLANG_WARN_BLOCK_CAPTURE_AUTORELEASING = YES;
				CLANG_WARN_BOOL_CONVERSION = YES;
				CLANG_WARN_COMMA = YES;
				CLANG_WARN_CONSTANT_CONVERSION = YES;
				CLANG_WARN_DEPRECATED_OBJC_IMPLEMENTATIONS = YES;
				CLANG_WARN_DIRECT_OBJC_ISA_USAGE = YES_ERROR;
				CLANG_WARN_DOCUMENTATION_COMMENTS = YES;
				CLANG_WARN_EMPTY_BODY = YES;
				CLANG_WARN_ENUM_CONVERSION = YES;
				CLANG_WARN_INFINITE_RECURSION = YES;
				CLANG_WARN_INT_CONVERSION = YES;
				CLANG_WARN_NON_LITERAL_NULL_CONVERSION = YES;
				CLANG_WARN_OBJC_IMPLICIT_RETAIN_SELF = YES;
				CLANG_WARN_OBJC_LITERAL_CONVERSION = YES;
				CLANG_WARN_OBJC_ROOT_CLASS = YES_ERROR;
				CLANG_WARN_RANGE_LOOP_ANALYSIS = YES;
				CLANG_WARN_STRICT_PROTOTYPES = YES;
				CLANG_WARN_SUSPICIOUS_MOVE = YES;
				CLANG_WARN_UNGUARDED_AVAILABILITY = YES_AGGRESSIVE;
				CLANG_WARN_UNREACHABLE_CODE = YES;
				CLANG_WARN__DUPLICATE_METHOD_MATCH = YES;
				CODE_SIGN_IDENTITY = "iPhone Developer";
				COPY_PHASE_STRIP = NO;
				DEBUG_INFORMATION_FORMAT = "dwarf-with-dsym";
				ENABLE_NS_ASSERTIONS = NO;
				ENABLE_STRICT_OBJC_MSGSEND = YES;
				GCC_C_LANGUAGE_STANDARD = gnu11;
				GCC_NO_COMMON_BLOCKS = YES;
				GCC_WARN_64_TO_32_BIT_CONVERSION = YES;
				GCC_WARN_ABOUT_RETURN_TYPE = YES_ERROR;
				GCC_WARN_UNDECLARED_SELECTOR = YES;
				GCC_WARN_UNINITIALIZED_AUTOS = YES_AGGRESSIVE;
				GCC_WARN_UNUSED_FUNCTION = YES;
				GCC_WARN_UNUSED_VARIABLE = YES;
				IPHONEOS_DEPLOYMENT_TARGET = 12.1;
				MTL_ENABLE_DEBUG_INFO = NO;
				MTL_FAST_MATH = YES;
				SDKROOT = iphoneos;
				SWIFT_COMPILATION_MODE = wholemodule;
				SWIFT_OPTIMIZATION_LEVEL = "-O";
				VALIDATE_PRODUCT = YES;
			};
			name = Release;
		};
		8869DCCE2225D75A00AC91A9 /* Debug */ = {
			isa = XCBuildConfiguration;
			buildSettings = {
				ASSETCATALOG_COMPILER_APPICON_NAME = AppIcon;
				CODE_SIGN_STYLE = Automatic;
				INFOPLIST_FILE = HW1/Info.plist;
				LD_RUNPATH_SEARCH_PATHS = (
					"$(inherited)",
					"@executable_path/Frameworks",
				);
				PRODUCT_BUNDLE_IDENTIFIER = MOBDEV2.HW1;
				PRODUCT_NAME = "$(TARGET_NAME)";
				SWIFT_VERSION = 4.2;
				TARGETED_DEVICE_FAMILY = "1,2";
			};
			name = Debug;
		};
		8869DCCF2225D75A00AC91A9 /* Release */ = {
			isa = XCBuildConfiguration;
			buildSettings = {
				ASSETCATALOG_COMPILER_APPICON_NAME = AppIcon;
				CODE_SIGN_STYLE = Automatic;
				INFOPLIST_FILE = HW1/Info.plist;
				LD_RUNPATH_SEARCH_PATHS = (
					"$(inherited)",
					"@executable_path/Frameworks",
				);
				PRODUCT_BUNDLE_IDENTIFIER = MOBDEV2.HW1;
				PRODUCT_NAME = "$(TARGET_NAME)";
				SWIFT_VERSION = 4.2;
				TARGETED_DEVICE_FAMILY = "1,2";
			};
			name = Release;
		};
		8869DCD12225D75A00AC91A9 /* Debug */ = {
			isa = XCBuildConfiguration;
			buildSettings = {
				ALWAYS_EMBED_SWIFT_STANDARD_LIBRARIES = YES;
				BUNDLE_LOADER = "$(TEST_HOST)";
				CODE_SIGN_STYLE = Automatic;
				INFOPLIST_FILE = HW1Tests/Info.plist;
				LD_RUNPATH_SEARCH_PATHS = (
					"$(inherited)",
					"@executable_path/Frameworks",
					"@loader_path/Frameworks",
				);
				PRODUCT_BUNDLE_IDENTIFIER = MOBDEV2.HW1Tests;
				PRODUCT_NAME = "$(TARGET_NAME)";
				SWIFT_VERSION = 4.2;
				TARGETED_DEVICE_FAMILY = "1,2";
				TEST_HOST = "$(BUILT_PRODUCTS_DIR)/HW1.app/HW1";
			};
			name = Debug;
		};
		8869DCD22225D75A00AC91A9 /* Release */ = {
			isa = XCBuildConfiguration;
			buildSettings = {
				ALWAYS_EMBED_SWIFT_STANDARD_LIBRARIES = YES;
				BUNDLE_LOADER = "$(TEST_HOST)";
				CODE_SIGN_STYLE = Automatic;
				INFOPLIST_FILE = HW1Tests/Info.plist;
				LD_RUNPATH_SEARCH_PATHS = (
					"$(inherited)",
					"@executable_path/Frameworks",
					"@loader_path/Frameworks",
				);
				PRODUCT_BUNDLE_IDENTIFIER = MOBDEV2.HW1Tests;
				PRODUCT_NAME = "$(TARGET_NAME)";
				SWIFT_VERSION = 4.2;
				TARGETED_DEVICE_FAMILY = "1,2";
				TEST_HOST = "$(BUILT_PRODUCTS_DIR)/HW1.app/HW1";
			};
			name = Release;
		};
		8869DCD42225D75A00AC91A9 /* Debug */ = {
			isa = XCBuildConfiguration;
			buildSettings = {
				ALWAYS_EMBED_SWIFT_STANDARD_LIBRARIES = YES;
				CODE_SIGN_STYLE = Automatic;
				INFOPLIST_FILE = HW1UITests/Info.plist;
				LD_RUNPATH_SEARCH_PATHS = (
					"$(inherited)",
					"@executable_path/Frameworks",
					"@loader_path/Frameworks",
				);
				PRODUCT_BUNDLE_IDENTIFIER = MOBDEV2.HW1UITests;
				PRODUCT_NAME = "$(TARGET_NAME)";
				SWIFT_VERSION = 4.2;
				TARGETED_DEVICE_FAMILY = "1,2";
				TEST_TARGET_NAME = HW1;
			};
			name = Debug;
		};
		8869DCD52225D75A00AC91A9 /* Release */ = {
			isa = XCBuildConfiguration;
			buildSettings = {
				ALWAYS_EMBED_SWIFT_STANDARD_LIBRARIES = YES;
				CODE_SIGN_STYLE = Automatic;
				INFOPLIST_FILE = HW1UITests/Info.plist;
				LD_RUNPATH_SEARCH_PATHS = (
					"$(inherited)",
					"@executable_path/Frameworks",
					"@loader_path/Frameworks",
				);
				PRODUCT_BUNDLE_IDENTIFIER = MOBDEV2.HW1UITests;
				PRODUCT_NAME = "$(TARGET_NAME)";
				SWIFT_VERSION = 4.2;
				TARGETED_DEVICE_FAMILY = "1,2";
				TEST_TARGET_NAME = HW1;
			};
			name = Release;
		};
/* End XCBuildConfiguration section */

/* Begin XCConfigurationList section */
		8869DCA02225D75800AC91A9 /* Build configuration list for PBXProject "HW1" */ = {
			isa = XCConfigurationList;
			buildConfigurations = (
				8869DCCB2225D75A00AC91A9 /* Debug */,
				8869DCCC2225D75A00AC91A9 /* Release */,
			);
			defaultConfigurationIsVisible = 0;
			defaultConfigurationName = Release;
		};
		8869DCCD2225D75A00AC91A9 /* Build configuration list for PBXNativeTarget "HW1" */ = {
			isa = XCConfigurationList;
			buildConfigurations = (
				8869DCCE2225D75A00AC91A9 /* Debug */,
				8869DCCF2225D75A00AC91A9 /* Release */,
			);
			defaultConfigurationIsVisible = 0;
			defaultConfigurationName = Release;
		};
		8869DCD02225D75A00AC91A9 /* Build configuration list for PBXNativeTarget "HW1Tests" */ = {
			isa = XCConfigurationList;
			buildConfigurations = (
				8869DCD12225D75A00AC91A9 /* Debug */,
				8869DCD22225D75A00AC91A9 /* Release */,
			);
			defaultConfigurationIsVisible = 0;
			defaultConfigurationName = Release;
		};
		8869DCD32225D75A00AC91A9 /* Build configuration list for PBXNativeTarget "HW1UITests" */ = {
			isa = XCConfigurationList;
			buildConfigurations = (
				8869DCD42225D75A00AC91A9 /* Debug */,
				8869DCD52225D75A00AC91A9 /* Release */,
			);
			defaultConfigurationIsVisible = 0;
			defaultConfigurationName = Release;
		};
/* End XCConfigurationList section */
	};
	rootObject = 8869DC9D2225D75800AC91A9 /* Project object */;
}
